
Microsoft Visual Studio Solution File, Format Version 12.00
# Visual Studio Version 16
VisualStudioVersion = 16.0.30011.22
MinimumVisualStudioVersion = 10.0.40219.1
Project("{FAE04EC0-301F-11D3-BF4B-00C04F79EFBC}") = "NN_Day07", "NN_Day07\NN_Day07.csproj", "{3F7961A3-5777-4E3C-AE66-CFE9A3EA8B87}"
EndProject
Global
	GlobalSection(SolutionConfigurationPlatforms) = preSolution
		Debug|Any CPU = Debug|Any CPU
		Release|Any CPU = Release|Any CPU
	EndGlobalSection
	GlobalSection(ProjectConfigurationPlatforms) = postSolution
		{3F7961A3-5777-4E3C-AE66-CFE9A3EA8B87}.Debug|Any CPU.ActiveCfg = Debug|Any CPU
		{3F7961A3-5777-4E3C-AE66-CFE9A3EA8B87}.Debug|Any CPU.Build.0 = Debug|Any CPU
		{3F7961A3-5777-4E3C-AE66-CFE9A3EA8B87}.Release|Any CPU.ActiveCfg = Release|Any CPU
		{3F7961A3-5777-4E3C-AE66-CFE9A3EA8B87}.Release|Any CPU.Build.0 = Release|Any CPU
	EndGlobalSection
	GlobalSection(SolutionProperties) = preSolution
		HideSolutionNode = FALSE
	EndGlobalSection
	GlobalSection(ExtensibilityGlobals) = postSolution
		SolutionGuid = {05EE28D0-A45F-4765-8BC0-9DA775390B62}
	EndGlobalSection
EndGlobal
